
Microsoft Visual Studio Solution File, Format Version 12.00
# Visual Studio Version 17
VisualStudioVersion = 17.4.33103.184
MinimumVisualStudioVersion = 10.0.40219.1
Project("{2150E333-8FDC-42A3-9474-1A3956D46DE8}") = "Libraries", "Libraries", "{1A8CED2D-479E-4BA1-A5AF-526AE6574537}"
EndProject
Project("{2150E333-8FDC-42A3-9474-1A3956D46DE8}") = "Examples", "Examples", "{C764FE61-9A62-4306-9D6E-EEECCCB86FAB}"
EndProject
Project("{11A8DD76-328B-46DF-9F39-F559912D0360}") = "nf_BouncingBalls", "Examples\nf_BouncingBalls\nf_BouncingBalls.nfproj", "{8D4E0DBE-BC4C-402B-B5EA-76311B112B55}"
EndProject
Project("{11A8DD76-328B-46DF-9F39-F559912D0360}") = "nf_Image", "Examples\nf_Image\nf_Image.nfproj", "{15E427A6-7872-44C2-8EBB-0A99FBBCB99B}"
EndProject
Project("{11A8DD76-328B-46DF-9F39-F559912D0360}") = "nf_WpfDemoApplication", "Examples\nf_WpfDemoApplication\nf_WpfDemoApplication.nfproj", "{921BA458-3B4D-4932-86DB-CD5FC1CEFB67}"
EndProject
Project("{11A8DD76-328B-46DF-9F39-F559912D0360}") = "nf_Puzzle", "Examples\nf_Puzzle\nf_Puzzle.nfproj", "{6FB38ECB-2E58-4FF4-B8B0-BB36E1C471A2}"
EndProject
Project("{11A8DD76-328B-46DF-9F39-F559912D0360}") = "nf_Colours", "Examples\nf_Colours\nf_Colours.nfproj", "{76BEDE74-C9A5-4971-AF9B-F2C5DA27A448}"
EndProject
Project("{11A8DD76-328B-46DF-9F39-F559912D0360}") = "nf_LineDrawing", "Examples\nf_LineDrawing\nf_LineDrawing.nfproj", "{93D17B89-BE19-4C19-BB99-BBB968984FA8}"
EndProject
Project("{11A8DD76-328B-46DF-9F39-F559912D0360}") = "nf_MatrixRain", "Examples\nf_MatrixRain\nf_MatrixRain.nfproj", "{EFA68C13-A7FE-48ED-A1C5-36A5FC94F62A}"
EndProject
Project("{11A8DD76-328B-46DF-9F39-F559912D0360}") = "nf_Shapes", "Examples\nf_Shapes\nf_Shapes.nfproj", "{A2D9A826-6B3D-4532-A99D-214B3D5EB23E}"
EndProject
Project("{11A8DD76-328B-46DF-9F39-F559912D0360}") = "nf_StylusCapture", "Examples\nf_StylusCapture\nf_StylusCapture.nfproj", "{CA9FC87E-E437-49C7-BE67-206CC7DD3A05}"
EndProject
Project("{11A8DD76-328B-46DF-9F39-F559912D0360}") = "nf_TouchScreen", "Examples\nf_TouchScreen\nf_TouchScreen.nfproj", "{116253D2-D11F-41B1-BB75-CA24F644A781}"
EndProject
Project("{2150E333-8FDC-42A3-9474-1A3956D46DE8}") = "SplitLibrary", "SplitLibrary", "{E6A318C6-6861-46C2-8897-0CF56EA06F42}"
EndProject
Project("{2150E333-8FDC-42A3-9474-1A3956D46DE8}") = "UnderConstruction", "UnderConstruction", "{37CAEC5B-5977-4049-B489-8D5E1D8144C6}"
EndProject
Project("{11A8DD76-328B-46DF-9F39-F559912D0360}") = "nf_SimpleTouch2", "Examples\nf_SimpleTouch2\nf_SimpleTouch2.nfproj", "{2FA1DEA8-BB1A-47B2-BAA5-7B6190C15015}"
EndProject
Project("{11A8DD76-328B-46DF-9F39-F559912D0360}") = "Hello_nanoFramework", "Examples\Hello_nanoFramework\Hello_nanoFramework.nfproj", "{A825E35D-2B9B-4BB4-882C-DDFD15925E12}"
EndProject
Project("{11A8DD76-328B-46DF-9F39-F559912D0360}") = "nf_PagedText", "Examples\nf_PagedText\nf_PagedText.nfproj", "{0FF91B71-E446-42A0-B151-050D457240CD}"
EndProject
Project("{11A8DD76-328B-46DF-9F39-F559912D0360}") = "nanoFrameworkGraphicsLibrary", "Library\nanoFrameworkGraphicsLibrary\nanoFrameworkGraphicsLibrary.nfproj", "{CDDFD271-0136-4792-8D89-EE47998D4C5D}"
EndProject
Project("{11A8DD76-328B-46DF-9F39-F559912D0360}") = "nanoFramework.UI.Graphics", "Library\nanoFramework.UI.Graphics\nanoFramework.UI.Graphics.nfproj", "{8F9D275E-8B87-4219-9721-D4286EA2F44A}"
EndProject
Project("{11A8DD76-328B-46DF-9F39-F559912D0360}") = "nf_RotateImage", "Examples\nf_RotateImage\nf_RotateImage.nfproj", "{7F7A4B7F-B400-4F2C-830D-AF7742F76F8B}"
EndProject
Project("{11A8DD76-328B-46DF-9F39-F559912D0360}") = "NFApp1", "Examples\NFApp1\NFApp1.nfproj", "{CF25E8F9-D157-4E82-9F39-5AE244C65BFC}"
EndProject
Project("{11A8DD76-328B-46DF-9F39-F559912D0360}") = "nf_Fonts", "Examples\nf_Fonts\nf_Fonts.nfproj", "{ED611745-A96E-41E0-ACEB-CD5CA23288C2}"
EndProject
Project("{11A8DD76-328B-46DF-9F39-F559912D0360}") = "nf_PhysicsBalls", "Examples\nf_PhysicsBalls\nf_PhysicsBalls.nfproj", "{3200D84D-1E0D-464F-8E16-BAD2CF4FDDC5}"
EndProject
Project("{11A8DD76-328B-46DF-9F39-F559912D0360}") = "WPF_Example", "Examples\WPF_Example\WPF_Example.nfproj", "{63774C7D-B73B-4AC9-B5E4-8A7B35FD3541}"
EndProject
Global
	GlobalSection(SolutionConfigurationPlatforms) = preSolution
		Debug|Any CPU = Debug|Any CPU
		Release|Any CPU = Release|Any CPU
	EndGlobalSection
	GlobalSection(ProjectConfigurationPlatforms) = postSolution
		{8D4E0DBE-BC4C-402B-B5EA-76311B112B55}.Debug|Any CPU.ActiveCfg = Debug|Any CPU
		{8D4E0DBE-BC4C-402B-B5EA-76311B112B55}.Debug|Any CPU.Build.0 = Debug|Any CPU
		{8D4E0DBE-BC4C-402B-B5EA-76311B112B55}.Debug|Any CPU.Deploy.0 = Debug|Any CPU
		{8D4E0DBE-BC4C-402B-B5EA-76311B112B55}.Release|Any CPU.ActiveCfg = Release|Any CPU
		{8D4E0DBE-BC4C-402B-B5EA-76311B112B55}.Release|Any CPU.Build.0 = Release|Any CPU
		{8D4E0DBE-BC4C-402B-B5EA-76311B112B55}.Release|Any CPU.Deploy.0 = Release|Any CPU
		{15E427A6-7872-44C2-8EBB-0A99FBBCB99B}.Debug|Any CPU.ActiveCfg = Debug|Any CPU
		{15E427A6-7872-44C2-8EBB-0A99FBBCB99B}.Debug|Any CPU.Build.0 = Debug|Any CPU
		{15E427A6-7872-44C2-8EBB-0A99FBBCB99B}.Debug|Any CPU.Deploy.0 = Debug|Any CPU
		{15E427A6-7872-44C2-8EBB-0A99FBBCB99B}.Release|Any CPU.ActiveCfg = Release|Any CPU
		{15E427A6-7872-44C2-8EBB-0A99FBBCB99B}.Release|Any CPU.Build.0 = Release|Any CPU
		{15E427A6-7872-44C2-8EBB-0A99FBBCB99B}.Release|Any CPU.Deploy.0 = Release|Any CPU
		{921BA458-3B4D-4932-86DB-CD5FC1CEFB67}.Debug|Any CPU.ActiveCfg = Debug|Any CPU
		{921BA458-3B4D-4932-86DB-CD5FC1CEFB67}.Release|Any CPU.ActiveCfg = Release|Any CPU
		{921BA458-3B4D-4932-86DB-CD5FC1CEFB67}.Release|Any CPU.Build.0 = Release|Any CPU
		{921BA458-3B4D-4932-86DB-CD5FC1CEFB67}.Release|Any CPU.Deploy.0 = Release|Any CPU
		{6FB38ECB-2E58-4FF4-B8B0-BB36E1C471A2}.Debug|Any CPU.ActiveCfg = Debug|Any CPU
		{6FB38ECB-2E58-4FF4-B8B0-BB36E1C471A2}.Release|Any CPU.ActiveCfg = Release|Any CPU
		{6FB38ECB-2E58-4FF4-B8B0-BB36E1C471A2}.Release|Any CPU.Build.0 = Release|Any CPU
		{6FB38ECB-2E58-4FF4-B8B0-BB36E1C471A2}.Release|Any CPU.Deploy.0 = Release|Any CPU
		{76BEDE74-C9A5-4971-AF9B-F2C5DA27A448}.Debug|Any CPU.ActiveCfg = Debug|Any CPU
		{76BEDE74-C9A5-4971-AF9B-F2C5DA27A448}.Debug|Any CPU.Build.0 = Debug|Any CPU
		{76BEDE74-C9A5-4971-AF9B-F2C5DA27A448}.Debug|Any CPU.Deploy.0 = Debug|Any CPU
		{76BEDE74-C9A5-4971-AF9B-F2C5DA27A448}.Release|Any CPU.ActiveCfg = Release|Any CPU
		{76BEDE74-C9A5-4971-AF9B-F2C5DA27A448}.Release|Any CPU.Build.0 = Release|Any CPU
		{76BEDE74-C9A5-4971-AF9B-F2C5DA27A448}.Release|Any CPU.Deploy.0 = Release|Any CPU
		{93D17B89-BE19-4C19-BB99-BBB968984FA8}.Debug|Any CPU.ActiveCfg = Debug|Any CPU
		{93D17B89-BE19-4C19-BB99-BBB968984FA8}.Debug|Any CPU.Build.0 = Debug|Any CPU
		{93D17B89-BE19-4C19-BB99-BBB968984FA8}.Debug|Any CPU.Deploy.0 = Debug|Any CPU
		{93D17B89-BE19-4C19-BB99-BBB968984FA8}.Release|Any CPU.ActiveCfg = Release|Any CPU
		{93D17B89-BE19-4C19-BB99-BBB968984FA8}.Release|Any CPU.Build.0 = Release|Any CPU
		{93D17B89-BE19-4C19-BB99-BBB968984FA8}.Release|Any CPU.Deploy.0 = Release|Any CPU
		{EFA68C13-A7FE-48ED-A1C5-36A5FC94F62A}.Debug|Any CPU.ActiveCfg = Debug|Any CPU
		{EFA68C13-A7FE-48ED-A1C5-36A5FC94F62A}.Debug|Any CPU.Build.0 = Debug|Any CPU
		{EFA68C13-A7FE-48ED-A1C5-36A5FC94F62A}.Debug|Any CPU.Deploy.0 = Debug|Any CPU
		{EFA68C13-A7FE-48ED-A1C5-36A5FC94F62A}.Release|Any CPU.ActiveCfg = Release|Any CPU
		{EFA68C13-A7FE-48ED-A1C5-36A5FC94F62A}.Release|Any CPU.Build.0 = Release|Any CPU
		{EFA68C13-A7FE-48ED-A1C5-36A5FC94F62A}.Release|Any CPU.Deploy.0 = Release|Any CPU
		{A2D9A826-6B3D-4532-A99D-214B3D5EB23E}.Debug|Any CPU.ActiveCfg = Debug|Any CPU
		{A2D9A826-6B3D-4532-A99D-214B3D5EB23E}.Debug|Any CPU.Build.0 = Debug|Any CPU
		{A2D9A826-6B3D-4532-A99D-214B3D5EB23E}.Debug|Any CPU.Deploy.0 = Debug|Any CPU
		{A2D9A826-6B3D-4532-A99D-214B3D5EB23E}.Release|Any CPU.ActiveCfg = Release|Any CPU
		{A2D9A826-6B3D-4532-A99D-214B3D5EB23E}.Release|Any CPU.Build.0 = Release|Any CPU
		{A2D9A826-6B3D-4532-A99D-214B3D5EB23E}.Release|Any CPU.Deploy.0 = Release|Any CPU
		{CA9FC87E-E437-49C7-BE67-206CC7DD3A05}.Debug|Any CPU.ActiveCfg = Debug|Any CPU
		{CA9FC87E-E437-49C7-BE67-206CC7DD3A05}.Debug|Any CPU.Build.0 = Debug|Any CPU
		{CA9FC87E-E437-49C7-BE67-206CC7DD3A05}.Debug|Any CPU.Deploy.0 = Debug|Any CPU
		{CA9FC87E-E437-49C7-BE67-206CC7DD3A05}.Release|Any CPU.ActiveCfg = Release|Any CPU
		{CA9FC87E-E437-49C7-BE67-206CC7DD3A05}.Release|Any CPU.Build.0 = Release|Any CPU
		{CA9FC87E-E437-49C7-BE67-206CC7DD3A05}.Release|Any CPU.Deploy.0 = Release|Any CPU
		{116253D2-D11F-41B1-BB75-CA24F644A781}.Debug|Any CPU.ActiveCfg = Debug|Any CPU
		{116253D2-D11F-41B1-BB75-CA24F644A781}.Debug|Any CPU.Build.0 = Debug|Any CPU
		{116253D2-D11F-41B1-BB75-CA24F644A781}.Debug|Any CPU.Deploy.0 = Debug|Any CPU
		{116253D2-D11F-41B1-BB75-CA24F644A781}.Release|Any CPU.ActiveCfg = Release|Any CPU
		{116253D2-D11F-41B1-BB75-CA24F644A781}.Release|Any CPU.Build.0 = Release|Any CPU
		{116253D2-D11F-41B1-BB75-CA24F644A781}.Release|Any CPU.Deploy.0 = Release|Any CPU
		{2FA1DEA8-BB1A-47B2-BAA5-7B6190C15015}.Debug|Any CPU.ActiveCfg = Debug|Any CPU
		{2FA1DEA8-BB1A-47B2-BAA5-7B6190C15015}.Debug|Any CPU.Build.0 = Debug|Any CPU
		{2FA1DEA8-BB1A-47B2-BAA5-7B6190C15015}.Debug|Any CPU.Deploy.0 = Debug|Any CPU
		{2FA1DEA8-BB1A-47B2-BAA5-7B6190C15015}.Release|Any CPU.ActiveCfg = Release|Any CPU
		{2FA1DEA8-BB1A-47B2-BAA5-7B6190C15015}.Release|Any CPU.Build.0 = Release|Any CPU
		{2FA1DEA8-BB1A-47B2-BAA5-7B6190C15015}.Release|Any CPU.Deploy.0 = Release|Any CPU
		{A825E35D-2B9B-4BB4-882C-DDFD15925E12}.Debug|Any CPU.ActiveCfg = Debug|Any CPU
		{A825E35D-2B9B-4BB4-882C-DDFD15925E12}.Debug|Any CPU.Build.0 = Debug|Any CPU
		{A825E35D-2B9B-4BB4-882C-DDFD15925E12}.Debug|Any CPU.Deploy.0 = Debug|Any CPU
		{A825E35D-2B9B-4BB4-882C-DDFD15925E12}.Release|Any CPU.ActiveCfg = Release|Any CPU
		{A825E35D-2B9B-4BB4-882C-DDFD15925E12}.Release|Any CPU.Build.0 = Release|Any CPU
		{A825E35D-2B9B-4BB4-882C-DDFD15925E12}.Release|Any CPU.Deploy.0 = Release|Any CPU
		{0FF91B71-E446-42A0-B151-050D457240CD}.Debug|Any CPU.ActiveCfg = Debug|Any CPU
		{0FF91B71-E446-42A0-B151-050D457240CD}.Debug|Any CPU.Build.0 = Debug|Any CPU
		{0FF91B71-E446-42A0-B151-050D457240CD}.Debug|Any CPU.Deploy.0 = Debug|Any CPU
		{0FF91B71-E446-42A0-B151-050D457240CD}.Release|Any CPU.ActiveCfg = Release|Any CPU
		{0FF91B71-E446-42A0-B151-050D457240CD}.Release|Any CPU.Build.0 = Release|Any CPU
		{0FF91B71-E446-42A0-B151-050D457240CD}.Release|Any CPU.Deploy.0 = Release|Any CPU
		{CDDFD271-0136-4792-8D89-EE47998D4C5D}.Debug|Any CPU.ActiveCfg = Debug|Any CPU
		{CDDFD271-0136-4792-8D89-EE47998D4C5D}.Debug|Any CPU.Build.0 = Debug|Any CPU
		{CDDFD271-0136-4792-8D89-EE47998D4C5D}.Debug|Any CPU.Deploy.0 = Debug|Any CPU
		{CDDFD271-0136-4792-8D89-EE47998D4C5D}.Release|Any CPU.ActiveCfg = Release|Any CPU
		{CDDFD271-0136-4792-8D89-EE47998D4C5D}.Release|Any CPU.Build.0 = Release|Any CPU
		{CDDFD271-0136-4792-8D89-EE47998D4C5D}.Release|Any CPU.Deploy.0 = Release|Any CPU
		{8F9D275E-8B87-4219-9721-D4286EA2F44A}.Debug|Any CPU.ActiveCfg = Debug|Any CPU
		{8F9D275E-8B87-4219-9721-D4286EA2F44A}.Debug|Any CPU.Build.0 = Debug|Any CPU
		{8F9D275E-8B87-4219-9721-D4286EA2F44A}.Debug|Any CPU.Deploy.0 = Debug|Any CPU
		{8F9D275E-8B87-4219-9721-D4286EA2F44A}.Release|Any CPU.ActiveCfg = Release|Any CPU
		{8F9D275E-8B87-4219-9721-D4286EA2F44A}.Release|Any CPU.Build.0 = Release|Any CPU
		{8F9D275E-8B87-4219-9721-D4286EA2F44A}.Release|Any CPU.Deploy.0 = Release|Any CPU
		{7F7A4B7F-B400-4F2C-830D-AF7742F76F8B}.Debug|Any CPU.ActiveCfg = Debug|Any CPU
		{7F7A4B7F-B400-4F2C-830D-AF7742F76F8B}.Debug|Any CPU.Build.0 = Debug|Any CPU
		{7F7A4B7F-B400-4F2C-830D-AF7742F76F8B}.Debug|Any CPU.Deploy.0 = Debug|Any CPU
		{7F7A4B7F-B400-4F2C-830D-AF7742F76F8B}.Release|Any CPU.ActiveCfg = Release|Any CPU
		{7F7A4B7F-B400-4F2C-830D-AF7742F76F8B}.Release|Any CPU.Build.0 = Release|Any CPU
		{7F7A4B7F-B400-4F2C-830D-AF7742F76F8B}.Release|Any CPU.Deploy.0 = Release|Any CPU
		{CF25E8F9-D157-4E82-9F39-5AE244C65BFC}.Debug|Any CPU.ActiveCfg = Debug|Any CPU
		{CF25E8F9-D157-4E82-9F39-5AE244C65BFC}.Debug|Any CPU.Build.0 = Debug|Any CPU
		{CF25E8F9-D157-4E82-9F39-5AE244C65BFC}.Debug|Any CPU.Deploy.0 = Debug|Any CPU
		{CF25E8F9-D157-4E82-9F39-5AE244C65BFC}.Release|Any CPU.ActiveCfg = Release|Any CPU
		{CF25E8F9-D157-4E82-9F39-5AE244C65BFC}.Release|Any CPU.Build.0 = Release|Any CPU
		{CF25E8F9-D157-4E82-9F39-5AE244C65BFC}.Release|Any CPU.Deploy.0 = Release|Any CPU
		{ED611745-A96E-41E0-ACEB-CD5CA23288C2}.Debug|Any CPU.ActiveCfg = Debug|Any CPU
		{ED611745-A96E-41E0-ACEB-CD5CA23288C2}.Debug|Any CPU.Build.0 = Debug|Any CPU
		{ED611745-A96E-41E0-ACEB-CD5CA23288C2}.Debug|Any CPU.Deploy.0 = Debug|Any CPU
		{ED611745-A96E-41E0-ACEB-CD5CA23288C2}.Release|Any CPU.ActiveCfg = Release|Any CPU
		{ED611745-A96E-41E0-ACEB-CD5CA23288C2}.Release|Any CPU.Build.0 = Release|Any CPU
		{ED611745-A96E-41E0-ACEB-CD5CA23288C2}.Release|Any CPU.Deploy.0 = Release|Any CPU
		{3200D84D-1E0D-464F-8E16-BAD2CF4FDDC5}.Debug|Any CPU.ActiveCfg = Debug|Any CPU
		{3200D84D-1E0D-464F-8E16-BAD2CF4FDDC5}.Debug|Any CPU.Build.0 = Debug|Any CPU
		{3200D84D-1E0D-464F-8E16-BAD2CF4FDDC5}.Debug|Any CPU.Deploy.0 = Debug|Any CPU
		{3200D84D-1E0D-464F-8E16-BAD2CF4FDDC5}.Release|Any CPU.ActiveCfg = Release|Any CPU
		{3200D84D-1E0D-464F-8E16-BAD2CF4FDDC5}.Release|Any CPU.Build.0 = Release|Any CPU
		{3200D84D-1E0D-464F-8E16-BAD2CF4FDDC5}.Release|Any CPU.Deploy.0 = Release|Any CPU
		{63774C7D-B73B-4AC9-B5E4-8A7B35FD3541}.Debug|Any CPU.ActiveCfg = Debug|Any CPU
		{63774C7D-B73B-4AC9-B5E4-8A7B35FD3541}.Debug|Any CPU.Build.0 = Debug|Any CPU
		{63774C7D-B73B-4AC9-B5E4-8A7B35FD3541}.Debug|Any CPU.Deploy.0 = Debug|Any CPU
		{63774C7D-B73B-4AC9-B5E4-8A7B35FD3541}.Release|Any CPU.ActiveCfg = Release|Any CPU
		{63774C7D-B73B-4AC9-B5E4-8A7B35FD3541}.Release|Any CPU.Build.0 = Release|Any CPU
		{63774C7D-B73B-4AC9-B5E4-8A7B35FD3541}.Release|Any CPU.Deploy.0 = Release|Any CPU
	EndGlobalSection
	GlobalSection(SolutionProperties) = preSolution
		HideSolutionNode = FALSE
	EndGlobalSection
	GlobalSection(NestedProjects) = preSolution
		{8D4E0DBE-BC4C-402B-B5EA-76311B112B55} = {C764FE61-9A62-4306-9D6E-EEECCCB86FAB}
		{15E427A6-7872-44C2-8EBB-0A99FBBCB99B} = {C764FE61-9A62-4306-9D6E-EEECCCB86FAB}
		{921BA458-3B4D-4932-86DB-CD5FC1CEFB67} = {37CAEC5B-5977-4049-B489-8D5E1D8144C6}
		{6FB38ECB-2E58-4FF4-B8B0-BB36E1C471A2} = {37CAEC5B-5977-4049-B489-8D5E1D8144C6}
		{76BEDE74-C9A5-4971-AF9B-F2C5DA27A448} = {C764FE61-9A62-4306-9D6E-EEECCCB86FAB}
		{93D17B89-BE19-4C19-BB99-BBB968984FA8} = {C764FE61-9A62-4306-9D6E-EEECCCB86FAB}
		{EFA68C13-A7FE-48ED-A1C5-36A5FC94F62A} = {C764FE61-9A62-4306-9D6E-EEECCCB86FAB}
		{A2D9A826-6B3D-4532-A99D-214B3D5EB23E} = {C764FE61-9A62-4306-9D6E-EEECCCB86FAB}
		{CA9FC87E-E437-49C7-BE67-206CC7DD3A05} = {37CAEC5B-5977-4049-B489-8D5E1D8144C6}
		{116253D2-D11F-41B1-BB75-CA24F644A781} = {37CAEC5B-5977-4049-B489-8D5E1D8144C6}
		{E6A318C6-6861-46C2-8897-0CF56EA06F42} = {1A8CED2D-479E-4BA1-A5AF-526AE6574537}
		{2FA1DEA8-BB1A-47B2-BAA5-7B6190C15015} = {37CAEC5B-5977-4049-B489-8D5E1D8144C6}
		{A825E35D-2B9B-4BB4-882C-DDFD15925E12} = {C764FE61-9A62-4306-9D6E-EEECCCB86FAB}
		{0FF91B71-E446-42A0-B151-050D457240CD} = {37CAEC5B-5977-4049-B489-8D5E1D8144C6}
		{CDDFD271-0136-4792-8D89-EE47998D4C5D} = {1A8CED2D-479E-4BA1-A5AF-526AE6574537}
		{8F9D275E-8B87-4219-9721-D4286EA2F44A} = {E6A318C6-6861-46C2-8897-0CF56EA06F42}
		{7F7A4B7F-B400-4F2C-830D-AF7742F76F8B} = {C764FE61-9A62-4306-9D6E-EEECCCB86FAB}
		{CF25E8F9-D157-4E82-9F39-5AE244C65BFC} = {37CAEC5B-5977-4049-B489-8D5E1D8144C6}
		{ED611745-A96E-41E0-ACEB-CD5CA23288C2} = {C764FE61-9A62-4306-9D6E-EEECCCB86FAB}
		{3200D84D-1E0D-464F-8E16-BAD2CF4FDDC5} = {37CAEC5B-5977-4049-B489-8D5E1D8144C6}
		{63774C7D-B73B-4AC9-B5E4-8A7B35FD3541} = {37CAEC5B-5977-4049-B489-8D5E1D8144C6}
	EndGlobalSection
	GlobalSection(ExtensibilityGlobals) = postSolution
		SolutionGuid = {17DA9645-7269-4FD4-8AF3-9C8F534FEFFF}
	EndGlobalSection
EndGlobal
